Microsoft Visual Studio Solution File, Format Version 12.00
# Visual Studio 2012
Project("{FAE04EC0-301F-11D3-BF4B-00C04F79EFBC}") = "MysteryDungeonGenerator", "MysteryDungeonGenerator.csproj", "{9CDB8375-5DC2-4E43-ACA8-7ED9468AF199}"
EndProject
Global
	GlobalSection(SolutionConfigurationPlatforms) = preSolution
	Debug|Any CPU = Debug|Any CPU
	ExportDebug|Any CPU = ExportDebug|Any CPU
	ExportRelease|Any CPU = ExportRelease|Any CPU
	EndGlobalSection
	GlobalSection(ProjectConfigurationPlatforms) = postSolution
		{9CDB8375-5DC2-4E43-ACA8-7ED9468AF199}.Debug|Any CPU.ActiveCfg = Debug|Any CPU
		{9CDB8375-5DC2-4E43-ACA8-7ED9468AF199}.Debug|Any CPU.Build.0 = Debug|Any CPU
		{9CDB8375-5DC2-4E43-ACA8-7ED9468AF199}.ExportDebug|Any CPU.ActiveCfg = ExportDebug|Any CPU
		{9CDB8375-5DC2-4E43-ACA8-7ED9468AF199}.ExportDebug|Any CPU.Build.0 = ExportDebug|Any CPU
		{9CDB8375-5DC2-4E43-ACA8-7ED9468AF199}.ExportRelease|Any CPU.ActiveCfg = ExportRelease|Any CPU
		{9CDB8375-5DC2-4E43-ACA8-7ED9468AF199}.ExportRelease|Any CPU.Build.0 = ExportRelease|Any CPU
	EndGlobalSection
EndGlobal
